// !$*UTF8*$!
{
	archiveVersion = 1;
	classes = {
	};
	objectVersion = 46;
	objects = {

/* Begin PBXBuildFile section */
		C410028D83120B1DCDDA3FBF /* main.m in Sources */ = {isa = PBXBuildFile; fileRef = C41001280A999D9D109132CF /* main.m */; };
		C41002A6429B28C5929007D6 /* Main.storyboard in Resources */ = {isa = PBXBuildFile; fileRef = C4100CD15107A29AB386A20B /* Main.storyboard */; };
		C41003ABB7054D94FB112579 /* LinearLayoutTests.m in Sources */ = {isa = PBXBuildFile; fileRef = C41007DB5A0C6DD824D479F8 /* LinearLayoutTests.m */; };
		C410048F1C1E9C090AFBE657 /* LaunchScreen.storyboard in Resources */ = {isa = PBXBuildFile; fileRef = C41007E7F269B066286B6AE7 /* LaunchScreen.storyboard */; };
		C4100522F4CC8694EC2DCBC7 /* ViewController.m in Sources */ = {isa = PBXBuildFile; fileRef = C4100C4213EFDD2276DD3C7C /* ViewController.m */; };
		C41006D88F8DE31C01E1ADFE /* Assets.xcassets in Resources */ = {isa = PBXBuildFile; fileRef = C410078CA160597BF95799C3 /* Assets.xcassets */; };
		C4100AC26CAD3B69A196F99A /* AppDelegate.m in Sources */ = {isa = PBXBuildFile; fileRef = C41006B62E99A0D84EC0AE01 /* AppDelegate.m */; };
		C4100B5A011003DA64C0376D /* LinearLayoutView.m in Sources */ = {isa = PBXBuildFile; fileRef = C4100E273CE7ED83DCE4FEB0 /* LinearLayoutView.m */; };
		C4100FC1B30C1CE0494526FD /* LinearLayoutUITests.m in Sources */ = {isa = PBXBuildFile; fileRef = C41004B00B8A92D81C0FAE33 /* LinearLayoutUITests.m */; };
/* End PBXBuildFile section */

/* Begin PBXContainerItemProxy section */
		C410017B7252143A9ECFDC66 /* PBXContainerItemProxy */ = {
			isa = PBXContainerItemProxy;
			containerPortal = C410042BDC36055D498AD3B4 /* Project object */;
			proxyType = 1;
			remoteGlobalIDString = C410053C8FAF5C36B725CF79;
			remoteInfo = LinearLayout;
		};
		C4100D9B784673893F4E6351 /* PBXContainerItemProxy */ = {
			isa = PBXContainerItemProxy;
			containerPortal = C410042BDC36055D498AD3B4 /* Project object */;
			proxyType = 1;
			remoteGlobalIDString = C410053C8FAF5C36B725CF79;
			remoteInfo = LinearLayout;
		};
/* End PBXContainerItemProxy section */

/* Begin PBXFileReference section */
		C41001280A999D9D109132CF /* main.m */ = {isa = PBXFileReference; lastKnownFileType = sourcecode.c.objc; path = main.m; sourceTree = "<group>"; };
		C41004B00B8A92D81C0FAE33 /* LinearLayoutUITests.m */ = {isa = PBXFileReference; lastKnownFileType = sourcecode.c.objc; path = LinearLayoutUITests.m; sourceTree = "<group>"; };
		C410058FA164D8685F5BF93D /* LinearLayoutTests.xctest */ = {isa = PBXFileReference; explicitFileType = wrapper.cfbundle; includeInIndex = 0; path = LinearLayoutTests.xctest; sourceTree = BUILT_PRODUCTS_DIR; };
		C41006B62E99A0D84EC0AE01 /* AppDelegate.m */ = {isa = PBXFileReference; lastKnownFileType = sourcecode.c.objc; path = AppDelegate.m; sourceTree = "<group>"; };
		C410078CA160597BF95799C3 /* Assets.xcassets */ = {isa = PBXFileReference; lastKnownFileType = folder.assetcatalog; path = Assets.xcassets; sourceTree = "<group>"; };
		C41007B6E4D39216ABF43EFA /* Info.plist */ = {isa = PBXFileReference; lastKnownFileType = text.plist.info; path = Info.plist; sourceTree = "<group>"; };
		C41007DB5A0C6DD824D479F8 /* LinearLayoutTests.m */ = {isa = PBXFileReference; lastKnownFileType = sourcecode.c.objc; path = LinearLayoutTests.m; sourceTree = "<group>"; };
		C4100ABF82BD2844E004D709 /* LinearLayout.app */ = {isa = PBXFileReference; explicitFileType = wrapper.application; includeInIndex = 0; path = LinearLayout.app; sourceTree = BUILT_PRODUCTS_DIR; };
		C4100B27167D461BBC9D5AC4 /* Base */ = {isa = PBXFileReference; lastKnownFileType = file.storyboard; name = Base; path = Base.lproj/LaunchScreen.storyboard; sourceTree = "<group>"; };
		C4100B50B6792BF31ED76F17 /* Base */ = {isa = PBXFileReference; lastKnownFileType = file.storyboard; name = Base; path = Base.lproj/Main.storyboard; sourceTree = "<group>"; };
		C4100B7B5AB575860F6004C7 /* LinearLayoutView.h */ = {isa = PBXFileReference; fileEncoding = 4; lastKnownFileType = sourcecode.c.h; path = LinearLayoutView.h; sourceTree = "<group>"; };
		C4100B8295AD9DB0555A52FC /* LinearLayoutUITests.xctest */ = {isa = PBXFileReference; explicitFileType = wrapper.cfbundle; includeInIndex = 0; path = LinearLayoutUITests.xctest; sourceTree = BUILT_PRODUCTS_DIR; };
		C4100C4213EFDD2276DD3C7C /* ViewController.m */ = {isa = PBXFileReference; lastKnownFileType = sourcecode.c.objc; path = ViewController.m; sourceTree = "<group>"; };
		C4100CEFF304AEF529D63F6B /* AppDelegate.h */ = {isa = PBXFileReference; lastKnownFileType = sourcecode.c.h; path = AppDelegate.h; sourceTree = "<group>"; };
		C4100D1FA8F1BE1B08EABF08 /* Info.plist */ = {isa = PBXFileReference; lastKnownFileType = text.plist.info; path = Info.plist; sourceTree = "<group>"; };
		C4100D8A760164D9317B29CF /* ViewController.h */ = {isa = PBXFileReference; lastKnownFileType = sourcecode.c.h; path = ViewController.h; sourceTree = "<group>"; };
		C4100DA269E0F689B4A30AED /* Info.plist */ = {isa = PBXFileReference; lastKnownFileType = text.plist.info; path = Info.plist; sourceTree = "<group>"; };
		C4100E273CE7ED83DCE4FEB0 /* LinearLayoutView.m */ = {isa = PBXFileReference; fileEncoding = 4; lastKnownFileType = sourcecode.c.objc; path = LinearLayoutView.m; sourceTree = "<group>"; };
/* End PBXFileReference section */

/* Begin PBXFrameworksBuildPhase section */
		C41005711EF9007ACC1E55E7 /* Frameworks */ = {
			isa = PBXFrameworksBuildPhase;
			buildActionMask = 2147483647;
			files = (
			);
			runOnlyForDeploymentPostprocessing = 0;
		};
		C410062CE01997222B69D23B /* Frameworks */ = {
			isa = PBXFrameworksBuildPhase;
			buildActionMask = 2147483647;
			files = (
			);
			runOnlyForDeploymentPostprocessing = 0;
		};
		C4100CEF24D7E7AFBA49C348 /* Frameworks */ = {
			isa = PBXFrameworksBuildPhase;
			buildActionMask = 2147483647;
			files = (
			);
			runOnlyForDeploymentPostprocessing = 0;
		};
/* End PBXFrameworksBuildPhase section */

/* Begin PBXGroup section */
		C41001FF95BC58357984C5DA /* LinearLayoutTests */ = {
			isa = PBXGroup;
			children = (
				C41007B6E4D39216ABF43EFA /* Info.plist */,
				C41007DB5A0C6DD824D479F8 /* LinearLayoutTests.m */,
			);
			path = LinearLayoutTests;
			sourceTree = "<group>";
		};
		C41007FA2E34B7297A2CC025 /* LinearLayout */ = {
			isa = PBXGroup;
			children = (
				C4100DA269E0F689B4A30AED /* Info.plist */,
				C410078CA160597BF95799C3 /* Assets.xcassets */,
				C41007E7F269B066286B6AE7 /* LaunchScreen.storyboard */,
				C41001280A999D9D109132CF /* main.m */,
				C4100CEFF304AEF529D63F6B /* AppDelegate.h */,
				C41006B62E99A0D84EC0AE01 /* AppDelegate.m */,
				C4100CD15107A29AB386A20B /* Main.storyboard */,
				C4100D8A760164D9317B29CF /* ViewController.h */,
				C4100C4213EFDD2276DD3C7C /* ViewController.m */,
				C4100B7B5AB575860F6004C7 /* LinearLayoutView.h */,
				C4100E273CE7ED83DCE4FEB0 /* LinearLayoutView.m */,
			);
			path = LinearLayout;
			sourceTree = "<group>";
		};
		C410090F4E5514E9D09BB146 = {
			isa = PBXGroup;
			children = (
				C4100AB264263149D3542D75 /* Products */,
				C41007FA2E34B7297A2CC025 /* LinearLayout */,
				C41001FF95BC58357984C5DA /* LinearLayoutTests */,
				C4100B012C8CAC51AD5FBA3B /* LinearLayoutUITests */,
			);
			sourceTree = "<group>";
		};
		C4100AB264263149D3542D75 /* Products */ = {
			isa = PBXGroup;
			children = (
				C4100ABF82BD2844E004D709 /* LinearLayout.app */,
				C410058FA164D8685F5BF93D /* LinearLayoutTests.xctest */,
				C4100B8295AD9DB0555A52FC /* LinearLayoutUITests.xctest */,
			);
			name = Products;
			sourceTree = "<group>";
		};
		C4100B012C8CAC51AD5FBA3B /* LinearLayoutUITests */ = {
			isa = PBXGroup;
			children = (
				C4100D1FA8F1BE1B08EABF08 /* Info.plist */,
				C41004B00B8A92D81C0FAE33 /* LinearLayoutUITests.m */,
			);
			path = LinearLayoutUITests;
			sourceTree = "<group>";
		};
/* End PBXGroup section */

/* Begin PBXNativeTarget section */
		C410053C8FAF5C36B725CF79 /* LinearLayout */ = {
			isa = PBXNativeTarget;
			buildConfigurationList = C4100E511AFDA424CCC32C2D /* Build configuration list for PBXNativeTarget "LinearLayout" */;
			buildPhases = (
				C4100B5E3120451104436830 /* Sources */,
				C41005711EF9007ACC1E55E7 /* Frameworks */,
				C410013084A8C2F82C2D3083 /* Resources */,
			);
			buildRules = (
			);
			dependencies = (
			);
			name = LinearLayout;
			productName = LinearLayout;
			productReference = C4100ABF82BD2844E004D709 /* LinearLayout.app */;
			productType = "com.apple.product-type.application";
		};
		C41007B6BB00D8261ED1FBA5 /* LinearLayoutTests */ = {
			isa = PBXNativeTarget;
			buildConfigurationList = C4100B3E45F99B65C4C34C47 /* Build configuration list for PBXNativeTarget "LinearLayoutTests" */;
			buildPhases = (
				C41009742D3EA8FCED619D57 /* Sources */,
				C4100CEF24D7E7AFBA49C348 /* Frameworks */,
				C41003FD827D48BB2EF4C669 /* Resources */,
			);
			buildRules = (
			);
			dependencies = (
				C41003C52D9DE58404F25E57 /* PBXTargetDependency */,
			);
			name = LinearLayoutTests;
			productName = LinearLayoutTests;
			productReference = C410058FA164D8685F5BF93D /* LinearLayoutTests.xctest */;
			productType = "com.apple.product-type.bundle.unit-test";
		};
		C4100C29C2F12895994308A4 /* LinearLayoutUITests */ = {
			isa = PBXNativeTarget;
			buildConfigurationList = C410090560CB6C2F0404BBA4 /* Build configuration list for PBXNativeTarget "LinearLayoutUITests" */;
			buildPhases = (
				C41000D215C9261165F6E689 /* Sources */,
				C410062CE01997222B69D23B /* Frameworks */,
				C410040ACD17956D8DB17A8B /* Resources */,
			);
			buildRules = (
			);
			dependencies = (
				C41005957C6CB61CCE9DEA37 /* PBXTargetDependency */,
			);
			name = LinearLayoutUITests;
			productName = LinearLayoutUITests;
			productReference = C4100B8295AD9DB0555A52FC /* LinearLayoutUITests.xctest */;
			productType = "com.apple.product-type.bundle.ui-testing";
		};
/* End PBXNativeTarget section */

/* Begin PBXProject section */
		C410042BDC36055D498AD3B4 /* Project object */ = {
			isa = PBXProject;
			attributes = {
				ORGANIZATIONNAME = OurEDA;
			};
			buildConfigurationList = C4100220013B69353F8F63BF /* Build configuration list for PBXProject "LinearLayout" */;
			compatibilityVersion = "Xcode 3.2";
			developmentRegion = English;
			hasScannedForEncodings = 0;
			knownRegions = (
				en,
			);
			mainGroup = C410090F4E5514E9D09BB146;
			productRefGroup = C4100AB264263149D3542D75 /* Products */;
			projectDirPath = "";
			projectRoot = "";
			targets = (
				C410053C8FAF5C36B725CF79 /* LinearLayout */,
				C41007B6BB00D8261ED1FBA5 /* LinearLayoutTests */,
				C4100C29C2F12895994308A4 /* LinearLayoutUITests */,
			);
		};
/* End PBXProject section */

/* Begin PBXResourcesBuildPhase section */
		C410013084A8C2F82C2D3083 /* Resources */ = {
			isa = PBXResourcesBuildPhase;
			buildActionMask = 2147483647;
			files = (
				C41006D88F8DE31C01E1ADFE /* Assets.xcassets in Resources */,
				C410048F1C1E9C090AFBE657 /* LaunchScreen.storyboard in Resources */,
				C41002A6429B28C5929007D6 /* Main.storyboard in Resources */,
			);
			runOnlyForDeploymentPostprocessing = 0;
		};
		C41003FD827D48BB2EF4C669 /* Resources */ = {
			isa = PBXResourcesBuildPhase;
			buildActionMask = 2147483647;
			files = (
			);
			runOnlyForDeploymentPostprocessing = 0;
		};
		C410040ACD17956D8DB17A8B /* Resources */ = {
			isa = PBXResourcesBuildPhase;
			buildActionMask = 2147483647;
			files = (
			);
			runOnlyForDeploymentPostprocessing = 0;
		};
/* End PBXResourcesBuildPhase section */

/* Begin PBXSourcesBuildPhase section */
		C41000D215C9261165F6E689 /* Sources */ = {
			isa = PBXSourcesBuildPhase;
			buildActionMask = 2147483647;
			files = (
				C4100FC1B30C1CE0494526FD /* LinearLayoutUITests.m in Sources */,
			);
			runOnlyForDeploymentPostprocessing = 0;
		};
		C41009742D3EA8FCED619D57 /* Sources */ = {
			isa = PBXSourcesBuildPhase;
			buildActionMask = 2147483647;
			files = (
				C41003ABB7054D94FB112579 /* LinearLayoutTests.m in Sources */,
			);
			runOnlyForDeploymentPostprocessing = 0;
		};
		C4100B5E3120451104436830 /* Sources */ = {
			isa = PBXSourcesBuildPhase;
			buildActionMask = 2147483647;
			files = (
				C410028D83120B1DCDDA3FBF /* main.m in Sources */,
				C4100AC26CAD3B69A196F99A /* AppDelegate.m in Sources */,
				C4100522F4CC8694EC2DCBC7 /* ViewController.m in Sources */,
				C4100B5A011003DA64C0376D /* LinearLayoutView.m in Sources */,
			);
			runOnlyForDeploymentPostprocessing = 0;
		};
/* End PBXSourcesBuildPhase section */

/* Begin PBXTargetDependency section */
		C41003C52D9DE58404F25E57 /* PBXTargetDependency */ = {
			isa = PBXTargetDependency;
			target = C410053C8FAF5C36B725CF79 /* LinearLayout */;
			targetProxy = C4100D9B784673893F4E6351 /* PBXContainerItemProxy */;
		};
		C41005957C6CB61CCE9DEA37 /* PBXTargetDependency */ = {
			isa = PBXTargetDependency;
			target = C410053C8FAF5C36B725CF79 /* LinearLayout */;
			targetProxy = C410017B7252143A9ECFDC66 /* PBXContainerItemProxy */;
		};
/* End PBXTargetDependency section */

/* Begin PBXVariantGroup section */
		C41007E7F269B066286B6AE7 /* LaunchScreen.storyboard */ = {
			isa = PBXVariantGroup;
			children = (
				C4100B27167D461BBC9D5AC4 /* Base */,
			);
			name = LaunchScreen.storyboard;
			sourceTree = "<group>";
		};
		C4100CD15107A29AB386A20B /* Main.storyboard */ = {
			isa = PBXVariantGroup;
			children = (
				C4100B50B6792BF31ED76F17 /* Base */,
			);
			name = Main.storyboard;
			sourceTree = "<group>";
		};
/* End PBXVariantGroup section */

/* Begin XCBuildConfiguration section */
		C41002E87124E28A6778E274 /* Debug */ = {
			isa = XCBuildConfiguration;
			buildSettings = {
				ALWAYS_SEARCH_USER_PATHS = NO;
				CLANG_ANALYZER_NONNULL = YES;
				CLANG_ANALYZER_NUMBER_OBJECT_CONVERSION = YES_AGGRESSIVE;
				CLANG_CXX_LANGUAGE_STANDARD = "gnu++14";
				CLANG_CXX_LIBRARY = "libc++";
				CLANG_ENABLE_MODULES = YES;
				CLANG_ENABLE_OBJC_ARC = YES;
				CLANG_WARN_BLOCK_CAPTURE_AUTORELEASING = YES;
				CLANG_WARN_BOOL_CONVERSION = YES;
				CLANG_WARN_COMMA = YES;
				CLANG_WARN_CONSTANT_CONVERSION = YES;
				CLANG_WARN_DIRECT_OBJC_ISA_USAGE = YES_ERROR;
				CLANG_WARN_DOCUMENTATION_COMMENTS = YES;
				CLANG_WARN_EMPTY_BODY = YES;
				CLANG_WARN_ENUM_CONVERSION = YES;
				CLANG_WARN_INFINITE_RECURSION = YES;
				CLANG_WARN_INT_CONVERSION = YES;
				CLANG_WARN_NON_LITERAL_NULL_CONVERSION = YES;
				CLANG_WARN_OBJC_LITERAL_CONVERSION = YES;
				CLANG_WARN_OBJC_ROOT_CLASS = YES_ERROR;
				CLANG_WARN_RANGE_LOOP_ANALYSIS = YES;
				CLANG_WARN_STRICT_PROTOTYPES = YES;
				CLANG_WARN_SUSPICIOUS_MOVE = YES;
				CLANG_WARN_UNGUARDED_AVAILABILITY = YES_AGGRESSIVE;
				CLANG_WARN_UNREACHABLE_CODE = YES;
				CLANG_WARN__DUPLICATE_METHOD_MATCH = YES;
				CODE_SIGN_IDENTITY = "iPhone Developer";
				COPY_PHASE_STRIP = NO;
				DEBUG_INFORMATION_FORMAT = dwarf;
				ENABLE_STRICT_OBJC_MSGSEND = YES;
				ENABLE_TESTABILITY = YES;
				GCC_C_LANGUAGE_STANDARD = gnu11;
				GCC_DYNAMIC_NO_PIC = NO;
				GCC_NO_COMMON_BLOCKS = YES;
				GCC_OPTIMIZATION_LEVEL = 0;
				GCC_PREPROCESSOR_DEFINITIONS = (
					"DEBUG=1",
					"$(inherited)",
				);
				GCC_WARN_64_TO_32_BIT_CONVERSION = YES;
				GCC_WARN_ABOUT_RETURN_TYPE = YES_ERROR;
				GCC_WARN_UNDECLARED_SELECTOR = YES;
				GCC_WARN_UNINITIALIZED_AUTOS = YES_AGGRESSIVE;
				GCC_WARN_UNUSED_FUNCTION = YES;
				GCC_WARN_UNUSED_VARIABLE = YES;
				IPHONEOS_DEPLOYMENT_TARGET = 11.2;
				MTL_ENABLE_DEBUG_INFO = YES;
				ONLY_ACTIVE_ARCH = YES;
				SDKROOT = iphoneos;
			};
			name = Debug;
		};
		C4100404E48A4E575A5C702F /* Debug */ = {
			isa = XCBuildConfiguration;
			buildSettings = {
				BUNDLE_LOADER = "$(BUILT_PRODUCTS_DIR)/LinearLayout.app/LinearLayout";
				INFOPLIST_FILE = LinearLayoutTests/Info.plist;
				LD_RUNPATH_SEARCH_PATHS = "$(inherited) @executable_path/Frameworks @loader_path/Frameworks";
				PRODUCT_BUNDLE_IDENTIFIER = oureda.LinearLayoutTests;
				PRODUCT_NAME = "$(TARGET_NAME)";
				TARGETED_DEVICE_FAMILY = "1,2";
				TEST_HOST = "$(BUNDLE_LOADER)";
			};
			name = Debug;
		};
		C4100556423215A26A8D94FF /* Release */ = {
			isa = XCBuildConfiguration;
			buildSettings = {
				INFOPLIST_FILE = LinearLayoutUITests/Info.plist;
				LD_RUNPATH_SEARCH_PATHS = "$(inherited) @executable_path/Frameworks @loader_path/Frameworks";
				PRODUCT_BUNDLE_IDENTIFIER = oureda.LinearLayoutUITests;
				PRODUCT_NAME = "$(TARGET_NAME)";
				TARGETED_DEVICE_FAMILY = "1,2";
				TEST_TARGET_NAME = LinearLayout;
			};
			name = Release;
		};
		C41006A166FFA6D7D5FE1CB9 /* Debug */ = {
			isa = XCBuildConfiguration;
			buildSettings = {
				ASSETCATALOG_COMPILER_APPICON_NAME = AppIcon;
				INFOPLIST_FILE = LinearLayout/Info.plist;
				LD_RUNPATH_SEARCH_PATHS = "$(inherited) @executable_path/Frameworks";
				PRODUCT_BUNDLE_IDENTIFIER = oureda.LinearLayout;
				PRODUCT_NAME = "$(TARGET_NAME)";
				TARGETED_DEVICE_FAMILY = "1,2";
			};
			name = Debug;
		};
		C410085ADEA9C79373B81DA7 /* Release */ = {
			isa = XCBuildConfiguration;
			buildSettings = {
				ASSETCATALOG_COMPILER_APPICON_NAME = AppIcon;
				INFOPLIST_FILE = LinearLayout/Info.plist;
				LD_RUNPATH_SEARCH_PATHS = "$(inherited) @executable_path/Frameworks";
				PRODUCT_BUNDLE_IDENTIFIER = oureda.LinearLayout;
				PRODUCT_NAME = "$(TARGET_NAME)";
				TARGETED_DEVICE_FAMILY = "1,2";
			};
			name = Release;
		};
		C4100945087A02D8E048BB17 /* Release */ = {
			isa = XCBuildConfiguration;
			buildSettings = {
				ALWAYS_SEARCH_USER_PATHS = NO;
				CLANG_ANALYZER_NONNULL = YES;
				CLANG_ANALYZER_NUMBER_OBJECT_CONVERSION = YES_AGGRESSIVE;
				CLANG_CXX_LANGUAGE_STANDARD = "gnu++14";
				CLANG_CXX_LIBRARY = "libc++";
				CLANG_ENABLE_MODULES = YES;
				CLANG_ENABLE_OBJC_ARC = YES;
				CLANG_WARN_BLOCK_CAPTURE_AUTORELEASING = YES;
				CLANG_WARN_BOOL_CONVERSION = YES;
				CLANG_WARN_COMMA = YES;
				CLANG_WARN_CONSTANT_CONVERSION = YES;
				CLANG_WARN_DIRECT_OBJC_ISA_USAGE = YES_ERROR;
				CLANG_WARN_DOCUMENTATION_COMMENTS = YES;
				CLANG_WARN_EMPTY_BODY = YES;
				CLANG_WARN_ENUM_CONVERSION = YES;
				CLANG_WARN_INFINITE_RECURSION = YES;
				CLANG_WARN_INT_CONVERSION = YES;
				CLANG_WARN_NON_LITERAL_NULL_CONVERSION = YES;
				CLANG_WARN_OBJC_LITERAL_CONVERSION = YES;
				CLANG_WARN_OBJC_ROOT_CLASS = YES_ERROR;
				CLANG_WARN_RANGE_LOOP_ANALYSIS = YES;
				CLANG_WARN_STRICT_PROTOTYPES = YES;
				CLANG_WARN_SUSPICIOUS_MOVE = YES;
				CLANG_WARN_UNGUARDED_AVAILABILITY = YES_AGGRESSIVE;
				CLANG_WARN_UNREACHABLE_CODE = YES;
				CLANG_WARN__DUPLICATE_METHOD_MATCH = YES;
				CODE_SIGN_IDENTITY = "iPhone Developer";
				COPY_PHASE_STRIP = NO;
				DEBUG_INFORMATION_FORMAT = "dwarf-with-dsym";
				ENABLE_NS_ASSERTIONS = NO;
				ENABLE_STRICT_OBJC_MSGSEND = YES;
				GCC_C_LANGUAGE_STANDARD = gnu11;
				GCC_NO_COMMON_BLOCKS = YES;
				GCC_WARN_64_TO_32_BIT_CONVERSION = YES;
				GCC_WARN_ABOUT_RETURN_TYPE = YES_ERROR;
				GCC_WARN_UNDECLARED_SELECTOR = YES;
				GCC_WARN_UNINITIALIZED_AUTOS = YES_AGGRESSIVE;
				GCC_WARN_UNUSED_FUNCTION = YES;
				GCC_WARN_UNUSED_VARIABLE = YES;
				IPHONEOS_DEPLOYMENT_TARGET = 11.2;
				MTL_ENABLE_DEBUG_INFO = NO;
				SDKROOT = iphoneos;
				VALIDATE_PRODUCT = YES;
			};
			name = Release;
		};
		C4100E9324040E1A9B7CB9C5 /* Release */ = {
			isa = XCBuildConfiguration;
			buildSettings = {
				BUNDLE_LOADER = "$(BUILT_PRODUCTS_DIR)/LinearLayout.app/LinearLayout";
				INFOPLIST_FILE = LinearLayoutTests/Info.plist;
				LD_RUNPATH_SEARCH_PATHS = "$(inherited) @executable_path/Frameworks @loader_path/Frameworks";
				PRODUCT_BUNDLE_IDENTIFIER = oureda.LinearLayoutTests;
				PRODUCT_NAME = "$(TARGET_NAME)";
				TARGETED_DEVICE_FAMILY = "1,2";
				TEST_HOST = "$(BUNDLE_LOADER)";
			};
			name = Release;
		};
		C4100F1E6992AE798D2BB334 /* Debug */ = {
			isa = XCBuildConfiguration;
			buildSettings = {
				INFOPLIST_FILE = LinearLayoutUITests/Info.plist;
				LD_RUNPATH_SEARCH_PATHS = "$(inherited) @executable_path/Frameworks @loader_path/Frameworks";
				PRODUCT_BUNDLE_IDENTIFIER = oureda.LinearLayoutUITests;
				PRODUCT_NAME = "$(TARGET_NAME)";
				TARGETED_DEVICE_FAMILY = "1,2";
				TEST_TARGET_NAME = LinearLayout;
			};
			name = Debug;
		};
/* End XCBuildConfiguration section */

/* Begin XCConfigurationList section */
		C4100220013B69353F8F63BF /* Build configuration list for PBXProject "LinearLayout" */ = {
			isa = XCConfigurationList;
			buildConfigurations = (
				C41002E87124E28A6778E274 /* Debug */,
				C4100945087A02D8E048BB17 /* Release */,
			);
			defaultConfigurationIsVisible = 0;
			defaultConfigurationName = Release;
		};
		C410090560CB6C2F0404BBA4 /* Build configuration list for PBXNativeTarget "LinearLayoutUITests" */ = {
			isa = XCConfigurationList;
			buildConfigurations = (
				C4100F1E6992AE798D2BB334 /* Debug */,
				C4100556423215A26A8D94FF /* Release */,
			);
			defaultConfigurationIsVisible = 0;
		};
		C4100B3E45F99B65C4C34C47 /* Build configuration list for PBXNativeTarget "LinearLayoutTests" */ = {
			isa = XCConfigurationList;
			buildConfigurations = (
				C4100404E48A4E575A5C702F /* Debug */,
				C4100E9324040E1A9B7CB9C5 /* Release */,
			);
			defaultConfigurationIsVisible = 0;
		};
		C4100E511AFDA424CCC32C2D /* Build configuration list for PBXNativeTarget "LinearLayout" */ = {
			isa = XCConfigurationList;
			buildConfigurations = (
				C41006A166FFA6D7D5FE1CB9 /* Debug */,
				C410085ADEA9C79373B81DA7 /* Release */,
			);
			defaultConfigurationIsVisible = 0;
		};
/* End XCConfigurationList section */
	};
	rootObject = C410042BDC36055D498AD3B4 /* Project object */;
}
