<?xml version="1.0" encoding="UTF-8"?>
<Scheme
   version = "1.3">
   <BuildAction>
      <BuildActionEntries>
         <BuildActionEntry
            buildForRunning = "YES">
            <BuildableReference
               BuildableIdentifier = "primary"
               BlueprintIdentifier = "C410053C8FAF5C36B725CF79"
               BuildableName = "LinearLayout.app"
               BlueprintName = "LinearLayout"
               ReferencedContainer = "container:LinearLayout.xcodeproj">
            </BuildableReference>
         </BuildActionEntry>
      </BuildActionEntries>
   </BuildAction>
   <LaunchAction
      useCustomWorkingDirectory = "NO"
      buildConfiguration = "Debug">
      <BuildableProductRunnable>
         <BuildableReference
            BuildableIdentifier = "primary"
            BlueprintIdentifier = "C410053C8FAF5C36B725CF79"
            BuildableName = "LinearLayout.app"
            BlueprintName = "LinearLayout"
            ReferencedContainer = "container:LinearLayout.xcodeproj">
         </BuildableReference>
      </BuildableProductRunnable>
   </LaunchAction>
</Scheme>
